
Microsoft Visual Studio Solution File, Format Version 12.00
# Visual Studio Version 17
VisualStudioVersion = 17.7.34024.191
MinimumVisualStudioVersion = 10.0.40219.1
Project("{FAE04EC0-301F-11D3-BF4B-00C04F79EFBC}") = "ukol 5.12.", "..\ukol 5.12\ukol 5.12\ukol 5.12..csproj", "{F58DFC69-0DA8-4567-9BCD-EAFF590037DC}"
EndProject
Global
	GlobalSection(SolutionConfigurationPlatforms) = preSolution
		Debug|Any CPU = Debug|Any CPU
		Release|Any CPU = Release|Any CPU
	EndGlobalSection
	GlobalSection(ProjectConfigurationPlatforms) = postSolution
		{F58DFC69-0DA8-4567-9BCD-EAFF590037DC}.Debug|Any CPU.ActiveCfg = Debug|Any CPU
		{F58DFC69-0DA8-4567-9BCD-EAFF590037DC}.Debug|Any CPU.Build.0 = Debug|Any CPU
		{F58DFC69-0DA8-4567-9BCD-EAFF590037DC}.Release|Any CPU.ActiveCfg = Release|Any CPU
		{F58DFC69-0DA8-4567-9BCD-EAFF590037DC}.Release|Any CPU.Build.0 = Release|Any CPU
	EndGlobalSection
	GlobalSection(SolutionProperties) = preSolution
		HideSolutionNode = FALSE
	EndGlobalSection
	GlobalSection(ExtensibilityGlobals) = postSolution
		SolutionGuid = {B6EC2164-5D01-4FBF-B09D-102E5143A928}
	EndGlobalSection
EndGlobal
