
Microsoft Visual Studio Solution File, Format Version 12.00
# Visual Studio Version 17
VisualStudioVersion = 17.7.34024.191
MinimumVisualStudioVersion = 10.0.40219.1
Project("{FAE04EC0-301F-11D3-BF4B-00C04F79EFBC}") = "30.11.", "..\30.11\30.11\30.11..csproj", "{EB07B381-A726-48BF-BA30-D73699FAC5CB}"
EndProject
Global
	GlobalSection(SolutionConfigurationPlatforms) = preSolution
		Debug|Any CPU = Debug|Any CPU
		Release|Any CPU = Release|Any CPU
	EndGlobalSection
	GlobalSection(ProjectConfigurationPlatforms) = postSolution
		{EB07B381-A726-48BF-BA30-D73699FAC5CB}.Debug|Any CPU.ActiveCfg = Debug|Any CPU
		{EB07B381-A726-48BF-BA30-D73699FAC5CB}.Debug|Any CPU.Build.0 = Debug|Any CPU
		{EB07B381-A726-48BF-BA30-D73699FAC5CB}.Release|Any CPU.ActiveCfg = Release|Any CPU
		{EB07B381-A726-48BF-BA30-D73699FAC5CB}.Release|Any CPU.Build.0 = Release|Any CPU
	EndGlobalSection
	GlobalSection(SolutionProperties) = preSolution
		HideSolutionNode = FALSE
	EndGlobalSection
	GlobalSection(ExtensibilityGlobals) = postSolution
		SolutionGuid = {7B8D7A81-13FA-472A-A9BD-7078A4C08E91}
	EndGlobalSection
EndGlobal
